
Microsoft Visual Studio Solution File, Format Version 12.00
# Visual Studio Version 17
VisualStudioVersion = 17.1.32210.238
MinimumVisualStudioVersion = 10.0.40219.1
Project("{FAE04EC0-301F-11D3-BF4B-00C04F79EFBC}") = "modul8_1302204011", "modul8_1302204011\modul8_1302204011.csproj", "{03B60D24-F926-42B0-965E-98B1C6C38CBE}"
EndProject
Global
	GlobalSection(SolutionConfigurationPlatforms) = preSolution
		Debug|Any CPU = Debug|Any CPU
		Release|Any CPU = Release|Any CPU
	EndGlobalSection
	GlobalSection(ProjectConfigurationPlatforms) = postSolution
		{03B60D24-F926-42B0-965E-98B1C6C38CBE}.Debug|Any CPU.ActiveCfg = Debug|Any CPU
		{03B60D24-F926-42B0-965E-98B1C6C38CBE}.Debug|Any CPU.Build.0 = Debug|Any CPU
		{03B60D24-F926-42B0-965E-98B1C6C38CBE}.Release|Any CPU.ActiveCfg = Release|Any CPU
		{03B60D24-F926-42B0-965E-98B1C6C38CBE}.Release|Any CPU.Build.0 = Release|Any CPU
	EndGlobalSection
	GlobalSection(SolutionProperties) = preSolution
		HideSolutionNode = FALSE
	EndGlobalSection
	GlobalSection(ExtensibilityGlobals) = postSolution
		SolutionGuid = {8CC95754-AAE2-4E8C-BA19-14A469F9E4BA}
	EndGlobalSection
EndGlobal
